
Microsoft Visual Studio Solution File, Format Version 12.00
# Visual Studio Version 16
VisualStudioVersion = 16.0.30011.22
MinimumVisualStudioVersion = 10.0.40219.1
Project("{FAE04EC0-301F-11D3-BF4B-00C04F79EFBC}") = "BitchPlease", "BitchPlease\BitchPlease.csproj", "{516965DC-B2D0-4E19-B2F4-028DD1C679A8}"
EndProject
Global
	GlobalSection(SolutionConfigurationPlatforms) = preSolution
		Debug|Any CPU = Debug|Any CPU
		Release|Any CPU = Release|Any CPU
	EndGlobalSection
	GlobalSection(ProjectConfigurationPlatforms) = postSolution
		{516965DC-B2D0-4E19-B2F4-028DD1C679A8}.Debug|Any CPU.ActiveCfg = Debug|Any CPU
		{516965DC-B2D0-4E19-B2F4-028DD1C679A8}.Debug|Any CPU.Build.0 = Debug|Any CPU
		{516965DC-B2D0-4E19-B2F4-028DD1C679A8}.Release|Any CPU.ActiveCfg = Release|Any CPU
		{516965DC-B2D0-4E19-B2F4-028DD1C679A8}.Release|Any CPU.Build.0 = Release|Any CPU
	EndGlobalSection
	GlobalSection(SolutionProperties) = preSolution
		HideSolutionNode = FALSE
	EndGlobalSection
	GlobalSection(ExtensibilityGlobals) = postSolution
		SolutionGuid = {A0EABACE-E1D6-49E6-AC50-06D36B578562}
	EndGlobalSection
EndGlobal
